
Microsoft Visual Studio Solution File, Format Version 12.00
# Visual Studio Version 17
VisualStudioVersion = 17.4.33205.214
MinimumVisualStudioVersion = 10.0.40219.1
Project("{FAE04EC0-301F-11D3-BF4B-00C04F79EFBC}") = "CardGames.War.Web", "CardGames.War.Web\CardGames.War.Web.csproj", "{11294AA1-71CC-44A0-9DCA-6F30A9EB2F12}"
EndProject
Global
	GlobalSection(SolutionConfigurationPlatforms) = preSolution
		Debug|Any CPU = Debug|Any CPU
		Release|Any CPU = Release|Any CPU
	EndGlobalSection
	GlobalSection(ProjectConfigurationPlatforms) = postSolution
		{11294AA1-71CC-44A0-9DCA-6F30A9EB2F12}.Debug|Any CPU.ActiveCfg = Debug|Any CPU
		{11294AA1-71CC-44A0-9DCA-6F30A9EB2F12}.Debug|Any CPU.Build.0 = Debug|Any CPU
		{11294AA1-71CC-44A0-9DCA-6F30A9EB2F12}.Release|Any CPU.ActiveCfg = Release|Any CPU
		{11294AA1-71CC-44A0-9DCA-6F30A9EB2F12}.Release|Any CPU.Build.0 = Release|Any CPU
	EndGlobalSection
	GlobalSection(SolutionProperties) = preSolution
		HideSolutionNode = FALSE
	EndGlobalSection
	GlobalSection(ExtensibilityGlobals) = postSolution
		SolutionGuid = {814CE3D5-4B69-441B-9177-A4BCC5A6F73F}
	EndGlobalSection
EndGlobal
